
Microsoft Visual Studio Solution File, Format Version 11.00
# Visual Studio 2010
Project("{8BC9CEB8-8B4A-11D0-8D11-00A0C91BC942}") = "introspection", "introspection\introspection.vcxproj", "{93E07B2D-FC13-41C1-AEDC-2F175411C4DD}"
EndProject
Project("{8BC9CEB8-8B4A-11D0-8D11-00A0C91BC942}") = "simplechat", "simplechat\simplechat.vcxproj", "{59BFE638-0BBC-4E7E-AC64-934CEBE37150}"
EndProject
Global
	GlobalSection(SolutionConfigurationPlatforms) = preSolution
		Debug|Win32 = Debug|Win32
		Release|Win32 = Release|Win32
	EndGlobalSection
	GlobalSection(ProjectConfigurationPlatforms) = postSolution
		{93E07B2D-FC13-41C1-AEDC-2F175411C4DD}.Debug|Win32.ActiveCfg = Debug|Win32
		{93E07B2D-FC13-41C1-AEDC-2F175411C4DD}.Debug|Win32.Build.0 = Debug|Win32
		{93E07B2D-FC13-41C1-AEDC-2F175411C4DD}.Release|Win32.ActiveCfg = Release|Win32
		{93E07B2D-FC13-41C1-AEDC-2F175411C4DD}.Release|Win32.Build.0 = Release|Win32
		{59BFE638-0BBC-4E7E-AC64-934CEBE37150}.Debug|Win32.ActiveCfg = Debug|Win32
		{59BFE638-0BBC-4E7E-AC64-934CEBE37150}.Debug|Win32.Build.0 = Debug|Win32
		{59BFE638-0BBC-4E7E-AC64-934CEBE37150}.Release|Win32.ActiveCfg = Release|Win32
		{59BFE638-0BBC-4E7E-AC64-934CEBE37150}.Release|Win32.Build.0 = Release|Win32
	EndGlobalSection
	GlobalSection(SolutionProperties) = preSolution
		HideSolutionNode = FALSE
	EndGlobalSection
EndGlobal
